// !$*UTF8*$!
{
	archiveVersion = 1;
	classes = {
	};
	objectVersion = 46;
	objects = {

/* Begin PBXBuildFile section */
		68820EE41AAD679200421D01 /* main.m in Sources */ = {isa = PBXBuildFile; fileRef = 68820EE31AAD679200421D01 /* main.m */; };
		68820EE71AAD679200421D01 /* AppDelegate.m in Sources */ = {isa = PBXBuildFile; fileRef = 68820EE61AAD679200421D01 /* AppDelegate.m */; };
		68820EED1AAD679200421D01 /* Main.storyboard in Resources */ = {isa = PBXBuildFile; fileRef = 68820EEB1AAD679200421D01 /* Main.storyboard */; };
		68820EEF1AAD679200421D01 /* Images.xcassets in Resources */ = {isa = PBXBuildFile; fileRef = 68820EEE1AAD679200421D01 /* Images.xcassets */; };
		68820EF21AAD679200421D01 /* LaunchScreen.xib in Resources */ = {isa = PBXBuildFile; fileRef = 68820EF01AAD679200421D01 /* LaunchScreen.xib */; };
		68820EFE1AAD679200421D01 /* SecurityCenterTests.m in Sources */ = {isa = PBXBuildFile; fileRef = 68820EFD1AAD679200421D01 /* SecurityCenterTests.m */; };
		68820F0D1AAD691100421D01 /* BaseViewController.m in Sources */ = {isa = PBXBuildFile; fileRef = 68820F0C1AAD691100421D01 /* BaseViewController.m */; };
		68820F101AAD695600421D01 /* VerificationViewController.m in Sources */ = {isa = PBXBuildFile; fileRef = 68820F0F1AAD695600421D01 /* VerificationViewController.m */; };
		68820F131AAD696100421D01 /* SettingViewController.m in Sources */ = {isa = PBXBuildFile; fileRef = 68820F121AAD696100421D01 /* SettingViewController.m */; };
/* End PBXBuildFile section */

/* Begin PBXContainerItemProxy section */
		68820EF81AAD679200421D01 /* PBXContainerItemProxy */ = {
			isa = PBXContainerItemProxy;
			containerPortal = 68820ED61AAD679200421D01 /* Project object */;
			proxyType = 1;
			remoteGlobalIDString = 68820EDD1AAD679200421D01;
			remoteInfo = SecurityCenter;
		};
/* End PBXContainerItemProxy section */

/* Begin PBXFileReference section */
		68820EDE1AAD679200421D01 /* SecurityCenter.app */ = {isa = PBXFileReference; explicitFileType = wrapper.application; includeInIndex = 0; path = SecurityCenter.app; sourceTree = BUILT_PRODUCTS_DIR; };
		68820EE21AAD679200421D01 /* Info.plist */ = {isa = PBXFileReference; lastKnownFileType = text.plist.xml; path = Info.plist; sourceTree = "<group>"; };
		68820EE31AAD679200421D01 /* main.m */ = {isa = PBXFileReference; lastKnownFileType = sourcecode.c.objc; path = main.m; sourceTree = "<group>"; };
		68820EE51AAD679200421D01 /* AppDelegate.h */ = {isa = PBXFileReference; lastKnownFileType = sourcecode.c.h; path = AppDelegate.h; sourceTree = "<group>"; };
		68820EE61AAD679200421D01 /* AppDelegate.m */ = {isa = PBXFileReference; lastKnownFileType = sourcecode.c.objc; path = AppDelegate.m; sourceTree = "<group>"; };
		68820EEC1AAD679200421D01 /* Base */ = {isa = PBXFileReference; lastKnownFileType = file.storyboard; name = Base; path = Base.lproj/Main.storyboard; sourceTree = "<group>"; };
		68820EEE1AAD679200421D01 /* Images.xcassets */ = {isa = PBXFileReference; lastKnownFileType = folder.assetcatalog; path = Images.xcassets; sourceTree = "<group>"; };
		68820EF11AAD679200421D01 /* Base */ = {isa = PBXFileReference; lastKnownFileType = file.xib; name = Base; path = Base.lproj/LaunchScreen.xib; sourceTree = "<group>"; };
		68820EF71AAD679200421D01 /* SecurityCenterTests.xctest */ = {isa = PBXFileReference; explicitFileType = wrapper.cfbundle; includeInIndex = 0; path = SecurityCenterTests.xctest; sourceTree = BUILT_PRODUCTS_DIR; };
		68820EFC1AAD679200421D01 /* Info.plist */ = {isa = PBXFileReference; lastKnownFileType = text.plist.xml; path = Info.plist; sourceTree = "<group>"; };
		68820EFD1AAD679200421D01 /* SecurityCenterTests.m */ = {isa = PBXFileReference; lastKnownFileType = sourcecode.c.objc; path = SecurityCenterTests.m; sourceTree = "<group>"; };
		68820F0B1AAD691100421D01 /* BaseViewController.h */ = {isa = PBXFileReference; fileEncoding = 4; lastKnownFileType = sourcecode.c.h; path = BaseViewController.h; sourceTree = "<group>"; };
		68820F0C1AAD691100421D01 /* BaseViewController.m */ = {isa = PBXFileReference; fileEncoding = 4; lastKnownFileType = sourcecode.c.objc; path = BaseViewController.m; sourceTree = "<group>"; };
		68820F0E1AAD695600421D01 /* VerificationViewController.h */ = {isa = PBXFileReference; fileEncoding = 4; lastKnownFileType = sourcecode.c.h; path = VerificationViewController.h; sourceTree = "<group>"; };
		68820F0F1AAD695600421D01 /* VerificationViewController.m */ = {isa = PBXFileReference; fileEncoding = 4; lastKnownFileType = sourcecode.c.objc; path = VerificationViewController.m; sourceTree = "<group>"; };
		68820F111AAD696100421D01 /* SettingViewController.h */ = {isa = PBXFileReference; fileEncoding = 4; lastKnownFileType = sourcecode.c.h; path = SettingViewController.h; sourceTree = "<group>"; };
		68820F121AAD696100421D01 /* SettingViewController.m */ = {isa = PBXFileReference; fileEncoding = 4; lastKnownFileType = sourcecode.c.objc; path = SettingViewController.m; sourceTree = "<group>"; };
/* End PBXFileReference section */

/* Begin PBXFrameworksBuildPhase section */
		68820EDB1AAD679200421D01 /* Frameworks */ = {
			isa = PBXFrameworksBuildPhase;
			buildActionMask = 2147483647;
			files = (
			);
			runOnlyForDeploymentPostprocessing = 0;
		};
		68820EF41AAD679200421D01 /* Frameworks */ = {
			isa = PBXFrameworksBuildPhase;
			buildActionMask = 2147483647;
			files = (
			);
			runOnlyForDeploymentPostprocessing = 0;
		};
/* End PBXFrameworksBuildPhase section */

/* Begin PBXGroup section */
		68820ED51AAD679200421D01 = {
			isa = PBXGroup;
			children = (
				68820EE01AAD679200421D01 /* SecurityCenter */,
				68820EFA1AAD679200421D01 /* SecurityCenterTests */,
				68820EDF1AAD679200421D01 /* Products */,
			);
			sourceTree = "<group>";
		};
		68820EDF1AAD679200421D01 /* Products */ = {
			isa = PBXGroup;
			children = (
				68820EDE1AAD679200421D01 /* SecurityCenter.app */,
				68820EF71AAD679200421D01 /* SecurityCenterTests.xctest */,
			);
			name = Products;
			sourceTree = "<group>";
		};
		68820EE01AAD679200421D01 /* SecurityCenter */ = {
			isa = PBXGroup;
			children = (
				68820EE51AAD679200421D01 /* AppDelegate.h */,
				68820EE61AAD679200421D01 /* AppDelegate.m */,
				68820F0A1AAD68D700421D01 /* models */,
				68820F081AAD68C200421D01 /* views */,
				68820F071AAD68B400421D01 /* controllers */,
				68820EEE1AAD679200421D01 /* Images.xcassets */,
				68820EF01AAD679200421D01 /* LaunchScreen.xib */,
				68820EE11AAD679200421D01 /* Supporting Files */,
			);
			path = SecurityCenter;
			sourceTree = "<group>";
		};
		68820EE11AAD679200421D01 /* Supporting Files */ = {
			isa = PBXGroup;
			children = (
				68820EE21AAD679200421D01 /* Info.plist */,
				68820EE31AAD679200421D01 /* main.m */,
			);
			name = "Supporting Files";
			sourceTree = "<group>";
		};
		68820EFA1AAD679200421D01 /* SecurityCenterTests */ = {
			isa = PBXGroup;
			children = (
				68820EFD1AAD679200421D01 /* SecurityCenterTests.m */,
				68820EFB1AAD679200421D01 /* Supporting Files */,
			);
			path = SecurityCenterTests;
			sourceTree = "<group>";
		};
		68820EFB1AAD679200421D01 /* Supporting Files */ = {
			isa = PBXGroup;
			children = (
				68820EFC1AAD679200421D01 /* Info.plist */,
			);
			name = "Supporting Files";
			sourceTree = "<group>";
		};
		68820F071AAD68B400421D01 /* controllers */ = {
			isa = PBXGroup;
			children = (
				68820F0B1AAD691100421D01 /* BaseViewController.h */,
				68820F0C1AAD691100421D01 /* BaseViewController.m */,
				68820F0E1AAD695600421D01 /* VerificationViewController.h */,
				68820F0F1AAD695600421D01 /* VerificationViewController.m */,
				68820F111AAD696100421D01 /* SettingViewController.h */,
				68820F121AAD696100421D01 /* SettingViewController.m */,
			);
			name = controllers;
			sourceTree = "<group>";
		};
		68820F081AAD68C200421D01 /* views */ = {
			isa = PBXGroup;
			children = (
				68820EEB1AAD679200421D01 /* Main.storyboard */,
			);
			name = views;
			sourceTree = "<group>";
		};
		68820F0A1AAD68D700421D01 /* models */ = {
			isa = PBXGroup;
			children = (
			);
			name = models;
			sourceTree = "<group>";
		};
/* End PBXGroup section */

/* Begin PBXNativeTarget section */
		68820EDD1AAD679200421D01 /* SecurityCenter */ = {
			isa = PBXNativeTarget;
			buildConfigurationList = 68820F011AAD679200421D01 /* Build configuration list for PBXNativeTarget "SecurityCenter" */;
			buildPhases = (
				68820EDA1AAD679200421D01 /* Sources */,
				68820EDB1AAD679200421D01 /* Frameworks */,
				68820EDC1AAD679200421D01 /* Resources */,
			);
			buildRules = (
			);
			dependencies = (
			);
			name = SecurityCenter;
			productName = SecurityCenter;
			productReference = 68820EDE1AAD679200421D01 /* SecurityCenter.app */;
			productType = "com.apple.product-type.application";
		};
		68820EF61AAD679200421D01 /* SecurityCenterTests */ = {
			isa = PBXNativeTarget;
			buildConfigurationList = 68820F041AAD679200421D01 /* Build configuration list for PBXNativeTarget "SecurityCenterTests" */;
			buildPhases = (
				68820EF31AAD679200421D01 /* Sources */,
				68820EF41AAD679200421D01 /* Frameworks */,
				68820EF51AAD679200421D01 /* Resources */,
			);
			buildRules = (
			);
			dependencies = (
				68820EF91AAD679200421D01 /* PBXTargetDependency */,
			);
			name = SecurityCenterTests;
			productName = SecurityCenterTests;
			productReference = 68820EF71AAD679200421D01 /* SecurityCenterTests.xctest */;
			productType = "com.apple.product-type.bundle.unit-test";
		};
/* End PBXNativeTarget section */

/* Begin PBXProject section */
		68820ED61AAD679200421D01 /* Project object */ = {
			isa = PBXProject;
			attributes = {
				LastUpgradeCheck = 0610;
				ORGANIZATIONNAME = kt;
				TargetAttributes = {
					68820EDD1AAD679200421D01 = {
						CreatedOnToolsVersion = 6.1.1;
					};
					68820EF61AAD679200421D01 = {
						CreatedOnToolsVersion = 6.1.1;
						TestTargetID = 68820EDD1AAD679200421D01;
					};
				};
			};
			buildConfigurationList = 68820ED91AAD679200421D01 /* Build configuration list for PBXProject "SecurityCenter" */;
			compatibilityVersion = "Xcode 3.2";
			developmentRegion = English;
			hasScannedForEncodings = 0;
			knownRegions = (
				en,
				Base,
			);
			mainGroup = 68820ED51AAD679200421D01;
			productRefGroup = 68820EDF1AAD679200421D01 /* Products */;
			projectDirPath = "";
			projectRoot = "";
			targets = (
				68820EDD1AAD679200421D01 /* SecurityCenter */,
				68820EF61AAD679200421D01 /* SecurityCenterTests */,
			);
		};
/* End PBXProject section */

/* Begin PBXResourcesBuildPhase section */
		68820EDC1AAD679200421D01 /* Resources */ = {
			isa = PBXResourcesBuildPhase;
			buildActionMask = 2147483647;
			files = (
				68820EED1AAD679200421D01 /* Main.storyboard in Resources */,
				68820EF21AAD679200421D01 /* LaunchScreen.xib in Resources */,
				68820EEF1AAD679200421D01 /* Images.xcassets in Resources */,
			);
			runOnlyForDeploymentPostprocessing = 0;
		};
		68820EF51AAD679200421D01 /* Resources */ = {
			isa = PBXResourcesBuildPhase;
			buildActionMask = 2147483647;
			files = (
			);
			runOnlyForDeploymentPostprocessing = 0;
		};
/* End PBXResourcesBuildPhase section */

/* Begin PBXSourcesBuildPhase section */
		68820EDA1AAD679200421D01 /* Sources */ = {
			isa = PBXSourcesBuildPhase;
			buildActionMask = 2147483647;
			files = (
				68820F101AAD695600421D01 /* VerificationViewController.m in Sources */,
				68820F0D1AAD691100421D01 /* BaseViewController.m in Sources */,
				68820EE71AAD679200421D01 /* AppDelegate.m in Sources */,
				68820EE41AAD679200421D01 /* main.m in Sources */,
				68820F131AAD696100421D01 /* SettingViewController.m in Sources */,
			);
			runOnlyForDeploymentPostprocessing = 0;
		};
		68820EF31AAD679200421D01 /* Sources */ = {
			isa = PBXSourcesBuildPhase;
			buildActionMask = 2147483647;
			files = (
				68820EFE1AAD679200421D01 /* SecurityCenterTests.m in Sources */,
			);
			runOnlyForDeploymentPostprocessing = 0;
		};
/* End PBXSourcesBuildPhase section */

/* Begin PBXTargetDependency section */
		68820EF91AAD679200421D01 /* PBXTargetDependency */ = {
			isa = PBXTargetDependency;
			target = 68820EDD1AAD679200421D01 /* SecurityCenter */;
			targetProxy = 68820EF81AAD679200421D01 /* PBXContainerItemProxy */;
		};
/* End PBXTargetDependency section */

/* Begin PBXVariantGroup section */
		68820EEB1AAD679200421D01 /* Main.storyboard */ = {
			isa = PBXVariantGroup;
			children = (
				68820EEC1AAD679200421D01 /* Base */,
			);
			name = Main.storyboard;
			sourceTree = "<group>";
		};
		68820EF01AAD679200421D01 /* LaunchScreen.xib */ = {
			isa = PBXVariantGroup;
			children = (
				68820EF11AAD679200421D01 /* Base */,
			);
			name = LaunchScreen.xib;
			sourceTree = "<group>";
		};
/* End PBXVariantGroup section */

/* Begin XCBuildConfiguration section */
		68820EFF1AAD679200421D01 /* Debug */ = {
			isa = XCBuildConfiguration;
			buildSettings = {
				ALWAYS_SEARCH_USER_PATHS = NO;
				CLANG_CXX_LANGUAGE_STANDARD = "gnu++0x";
				CLANG_CXX_LIBRARY = "libc++";
				CLANG_ENABLE_MODULES = YES;
				CLANG_ENABLE_OBJC_ARC = YES;
				CLANG_WARN_BOOL_CONVERSION = YES;
				CLANG_WARN_CONSTANT_CONVERSION = YES;
				CLANG_WARN_DIRECT_OBJC_ISA_USAGE = YES_ERROR;
				CLANG_WARN_EMPTY_BODY = YES;
				CLANG_WARN_ENUM_CONVERSION = YES;
				CLANG_WARN_INT_CONVERSION = YES;
				CLANG_WARN_OBJC_ROOT_CLASS = YES_ERROR;
				CLANG_WARN_UNREACHABLE_CODE = YES;
				CLANG_WARN__DUPLICATE_METHOD_MATCH = YES;
				"CODE_SIGN_IDENTITY[sdk=iphoneos*]" = "iPhone Developer";
				COPY_PHASE_STRIP = NO;
				ENABLE_STRICT_OBJC_MSGSEND = YES;
				GCC_C_LANGUAGE_STANDARD = gnu99;
				GCC_DYNAMIC_NO_PIC = NO;
				GCC_OPTIMIZATION_LEVEL = 0;
				GCC_PREPROCESSOR_DEFINITIONS = (
					"DEBUG=1",
					"$(inherited)",
				);
				GCC_SYMBOLS_PRIVATE_EXTERN = NO;
				GCC_WARN_64_TO_32_BIT_CONVERSION = YES;
				GCC_WARN_ABOUT_RETURN_TYPE = YES_ERROR;
				GCC_WARN_UNDECLARED_SELECTOR = YES;
				GCC_WARN_UNINITIALIZED_AUTOS = YES_AGGRESSIVE;
				GCC_WARN_UNUSED_FUNCTION = YES;
				GCC_WARN_UNUSED_VARIABLE = YES;
				IPHONEOS_DEPLOYMENT_TARGET = 8.1;
				MTL_ENABLE_DEBUG_INFO = YES;
				ONLY_ACTIVE_ARCH = YES;
				SDKROOT = iphoneos;
				TARGETED_DEVICE_FAMILY = "1,2";
			};
			name = Debug;
		};
		68820F001AAD679200421D01 /* Release */ = {
			isa = XCBuildConfiguration;
			buildSettings = {
				ALWAYS_SEARCH_USER_PATHS = NO;
				CLANG_CXX_LANGUAGE_STANDARD = "gnu++0x";
				CLANG_CXX_LIBRARY = "libc++";
				CLANG_ENABLE_MODULES = YES;
				CLANG_ENABLE_OBJC_ARC = YES;
				CLANG_WARN_BOOL_CONVERSION = YES;
				CLANG_WARN_CONSTANT_CONVERSION = YES;
				CLANG_WARN_DIRECT_OBJC_ISA_USAGE = YES_ERROR;
				CLANG_WARN_EMPTY_BODY = YES;
				CLANG_WARN_ENUM_CONVERSION = YES;
				CLANG_WARN_INT_CONVERSION = YES;
				CLANG_WARN_OBJC_ROOT_CLASS = YES_ERROR;
				CLANG_WARN_UNREACHABLE_CODE = YES;
				CLANG_WARN__DUPLICATE_METHOD_MATCH = YES;
				"CODE_SIGN_IDENTITY[sdk=iphoneos*]" = "iPhone Developer";
				COPY_PHASE_STRIP = YES;
				ENABLE_NS_ASSERTIONS = NO;
				ENABLE_STRICT_OBJC_MSGSEND = YES;
				GCC_C_LANGUAGE_STANDARD = gnu99;
				GCC_WARN_64_TO_32_BIT_CONVERSION = YES;
				GCC_WARN_ABOUT_RETURN_TYPE = YES_ERROR;
				GCC_WARN_UNDECLARED_SELECTOR = YES;
				GCC_WARN_UNINITIALIZED_AUTOS = YES_AGGRESSIVE;
				GCC_WARN_UNUSED_FUNCTION = YES;
				GCC_WARN_UNUSED_VARIABLE = YES;
				IPHONEOS_DEPLOYMENT_TARGET = 8.1;
				MTL_ENABLE_DEBUG_INFO = NO;
				SDKROOT = iphoneos;
				TARGETED_DEVICE_FAMILY = "1,2";
				VALIDATE_PRODUCT = YES;
			};
			name = Release;
		};
		68820F021AAD679200421D01 /* Debug */ = {
			isa = XCBuildConfiguration;
			buildSettings = {
				ASSETCATALOG_COMPILER_APPICON_NAME = AppIcon;
				INFOPLIST_FILE = SecurityCenter/Info.plist;
				LD_RUNPATH_SEARCH_PATHS = "$(inherited) @executable_path/Frameworks";
				PRODUCT_NAME = "$(TARGET_NAME)";
			};
			name = Debug;
		};
		68820F031AAD679200421D01 /* Release */ = {
			isa = XCBuildConfiguration;
			buildSettings = {
				ASSETCATALOG_COMPILER_APPICON_NAME = AppIcon;
				INFOPLIST_FILE = SecurityCenter/Info.plist;
				LD_RUNPATH_SEARCH_PATHS = "$(inherited) @executable_path/Frameworks";
				PRODUCT_NAME = "$(TARGET_NAME)";
			};
			name = Release;
		};
		68820F051AAD679200421D01 /* Debug */ = {
			isa = XCBuildConfiguration;
			buildSettings = {
				BUNDLE_LOADER = "$(TEST_HOST)";
				FRAMEWORK_SEARCH_PATHS = (
					"$(SDKROOT)/Developer/Library/Frameworks",
					"$(inherited)",
				);
				GCC_PREPROCESSOR_DEFINITIONS = (
					"DEBUG=1",
					"$(inherited)",
				);
				INFOPLIST_FILE = SecurityCenterTests/Info.plist;
				LD_RUNPATH_SEARCH_PATHS = "$(inherited) @executable_path/Frameworks @loader_path/Frameworks";
				PRODUCT_NAME = "$(TARGET_NAME)";
				TEST_HOST = "$(BUILT_PRODUCTS_DIR)/SecurityCenter.app/SecurityCenter";
			};
			name = Debug;
		};
		68820F061AAD679200421D01 /* Release */ = {
			isa = XCBuildConfiguration;
			buildSettings = {
				BUNDLE_LOADER = "$(TEST_HOST)";
				FRAMEWORK_SEARCH_PATHS = (
					"$(SDKROOT)/Developer/Library/Frameworks",
					"$(inherited)",
				);
				INFOPLIST_FILE = SecurityCenterTests/Info.plist;
				LD_RUNPATH_SEARCH_PATHS = "$(inherited) @executable_path/Frameworks @loader_path/Frameworks";
				PRODUCT_NAME = "$(TARGET_NAME)";
				TEST_HOST = "$(BUILT_PRODUCTS_DIR)/SecurityCenter.app/SecurityCenter";
			};
			name = Release;
		};
/* End XCBuildConfiguration section */

/* Begin XCConfigurationList section */
		68820ED91AAD679200421D01 /* Build configuration list for PBXProject "SecurityCenter" */ = {
			isa = XCConfigurationList;
			buildConfigurations = (
				68820EFF1AAD679200421D01 /* Debug */,
				68820F001AAD679200421D01 /* Release */,
			);
			defaultConfigurationIsVisible = 0;
			defaultConfigurationName = Release;
		};
		68820F011AAD679200421D01 /* Build configuration list for PBXNativeTarget "SecurityCenter" */ = {
			isa = XCConfigurationList;
			buildConfigurations = (
				68820F021AAD679200421D01 /* Debug */,
				68820F031AAD679200421D01 /* Release */,
			);
			defaultConfigurationIsVisible = 0;
		};
		68820F041AAD679200421D01 /* Build configuration list for PBXNativeTarget "SecurityCenterTests" */ = {
			isa = XCConfigurationList;
			buildConfigurations = (
				68820F051AAD679200421D01 /* Debug */,
				68820F061AAD679200421D01 /* Release */,
			);
			defaultConfigurationIsVisible = 0;
		};
/* End XCConfigurationList section */
	};
	rootObject = 68820ED61AAD679200421D01 /* Project object */;
}
